// !$*UTF8*$!
{
	archiveVersion = 1;
	classes = {
	};
	objectVersion = 50;
	objects = {

/* Begin PBXBuildFile section */
		0CF30C8E67761BB92E125033 /* Pods_OctaveTests.framework in Frameworks */ = {isa = PBXBuildFile; fileRef = 0E0F13AE2B6C2B33635BC81C /* Pods_OctaveTests.framework */; };
		6B2852B9220DD3F100110F2D /* drone.png in Resources */ = {isa = PBXBuildFile; fileRef = 6B2852B8220DD3F000110F2D /* drone.png */; };
		6B2852BE220ECFAB00110F2D /* ProductCommunicationManager.swift in Sources */ = {isa = PBXBuildFile; fileRef = 6B2852BD220ECFAB00110F2D /* ProductCommunicationManager.swift */; };
		6B2852C6220EDFB100110F2D /* CGPoints+Extensions.swift in Sources */ = {isa = PBXBuildFile; fileRef = 6B2852C2220EDFB000110F2D /* CGPoints+Extensions.swift */; };
		6B2852C7220EDFB100110F2D /* DirectionSequence.swift in Sources */ = {isa = PBXBuildFile; fileRef = 6B2852C3220EDFB000110F2D /* DirectionSequence.swift */; };
		6B2852C8220EDFB100110F2D /* Movement.swift in Sources */ = {isa = PBXBuildFile; fileRef = 6B2852C4220EDFB000110F2D /* Movement.swift */; };
		6B2852C9220EDFB100110F2D /* MovingManager.swift in Sources */ = {isa = PBXBuildFile; fileRef = 6B2852C5220EDFB100110F2D /* MovingManager.swift */; };
		6B2852CC220EE1A700110F2D /* LandingManager.swift in Sources */ = {isa = PBXBuildFile; fileRef = 6B2852CB220EE1A700110F2D /* LandingManager.swift */; };
		6B2852D1220EE34500110F2D /* JSONFileManager.swift in Sources */ = {isa = PBXBuildFile; fileRef = 6B2852D0220EE34500110F2D /* JSONFileManager.swift */; };
		6B2852D4220EE78100110F2D /* config.json in Resources */ = {isa = PBXBuildFile; fileRef = 6B2852D3220EE78100110F2D /* config.json */; };
		6B2852D7220EE88100110F2D /* ConfigManager.swift in Sources */ = {isa = PBXBuildFile; fileRef = 6B2852D6220EE88100110F2D /* ConfigManager.swift */; };
		6B2852DA220F22B800110F2D /* OctaveViewController.swift in Sources */ = {isa = PBXBuildFile; fileRef = 6B2852D9220F22B800110F2D /* OctaveViewController.swift */; };
		6B35496F220CC3E400586A41 /* DroneTestViewController.swift in Sources */ = {isa = PBXBuildFile; fileRef = 6B35496E220CC3E400586A41 /* DroneTestViewController.swift */; };
		6B354971220CC63300586A41 /* MainViewController.swift in Sources */ = {isa = PBXBuildFile; fileRef = 6B354970220CC63300586A41 /* MainViewController.swift */; };
		6B354973220CC6FB00586A41 /* WebRTC.framework in Embed Frameworks */ = {isa = PBXBuildFile; fileRef = 6BA88954220CBF2300BCAC08 /* WebRTC.framework */; settings = {ATTRIBUTES = (CodeSignOnCopy, RemoveHeadersOnCopy, ); }; };
		6B354978220CC70B00586A41 /* VideoPreviewer.framework in Embed Frameworks */ = {isa = PBXBuildFile; fileRef = 6BA88956220CBF2D00BCAC08 /* VideoPreviewer.framework */; settings = {ATTRIBUTES = (CodeSignOnCopy, RemoveHeadersOnCopy, ); }; };
		6B35497F220CC78300586A41 /* Pods_Octave.framework in Frameworks */ = {isa = PBXBuildFile; fileRef = 984DCFF477098D1BD5DAC7C4 /* Pods_Octave.framework */; };
		6B354982220CCCC400586A41 /* DroneGimbal.swift in Sources */ = {isa = PBXBuildFile; fileRef = 6B354981220CCCC400586A41 /* DroneGimbal.swift */; };
		6B354984220CCD2C00586A41 /* DroneConnection.swift in Sources */ = {isa = PBXBuildFile; fileRef = 6B354983220CCD2C00586A41 /* DroneConnection.swift */; };
		6B77D3F8220C20B0009C44DB /* AppDelegate.swift in Sources */ = {isa = PBXBuildFile; fileRef = 6B77D3F7220C20B0009C44DB /* AppDelegate.swift */; };
		6B77D3FD220C20B0009C44DB /* Main.storyboard in Resources */ = {isa = PBXBuildFile; fileRef = 6B77D3FB220C20B0009C44DB /* Main.storyboard */; };
		6B77D3FF220C20B2009C44DB /* Assets.xcassets in Resources */ = {isa = PBXBuildFile; fileRef = 6B77D3FE220C20B2009C44DB /* Assets.xcassets */; };
		6B77D402220C20B2009C44DB /* LaunchScreen.storyboard in Resources */ = {isa = PBXBuildFile; fileRef = 6B77D400220C20B2009C44DB /* LaunchScreen.storyboard */; };
		6B77D40D220C20B2009C44DB /* OctaveTests.swift in Sources */ = {isa = PBXBuildFile; fileRef = 6B77D40C220C20B2009C44DB /* OctaveTests.swift */; };
		6B77D418220C20B2009C44DB /* OctaveUITests.swift in Sources */ = {isa = PBXBuildFile; fileRef = 6B77D417220C20B2009C44DB /* OctaveUITests.swift */; };
		6B77D427220C23EA009C44DB /* SocketManager.swift in Sources */ = {isa = PBXBuildFile; fileRef = 6B77D426220C23EA009C44DB /* SocketManager.swift */; };
		6BA88955220CBF2300BCAC08 /* WebRTC.framework in Frameworks */ = {isa = PBXBuildFile; fileRef = 6BA88954220CBF2300BCAC08 /* WebRTC.framework */; };
		6BA88957220CBF2D00BCAC08 /* VideoPreviewer.framework in Frameworks */ = {isa = PBXBuildFile; fileRef = 6BA88956220CBF2D00BCAC08 /* VideoPreviewer.framework */; };
		6BC6A066220C2592004C9458 /* SocketTestViewController.swift in Sources */ = {isa = PBXBuildFile; fileRef = 6BC6A065220C2592004C9458 /* SocketTestViewController.swift */; };
		F518809EAB3BB678797D562A /* Pods_OctaveUITests.framework in Frameworks */ = {isa = PBXBuildFile; fileRef = 1670D0E3B041582A69F4EE3B /* Pods_OctaveUITests.framework */; };
/* End PBXBuildFile section */

/* Begin PBXContainerItemProxy section */
		6B77D409220C20B2009C44DB /* PBXContainerItemProxy */ = {
			isa = PBXContainerItemProxy;
			containerPortal = 6B77D3EC220C20B0009C44DB /* Project object */;
			proxyType = 1;
			remoteGlobalIDString = 6B77D3F3220C20B0009C44DB;
			remoteInfo = Octave;
		};
		6B77D414220C20B2009C44DB /* PBXContainerItemProxy */ = {
			isa = PBXContainerItemProxy;
			containerPortal = 6B77D3EC220C20B0009C44DB /* Project object */;
			proxyType = 1;
			remoteGlobalIDString = 6B77D3F3220C20B0009C44DB;
			remoteInfo = Octave;
		};
/* End PBXContainerItemProxy section */

/* Begin PBXCopyFilesBuildPhase section */
		6B354974220CC6FB00586A41 /* Embed Frameworks */ = {
			isa = PBXCopyFilesBuildPhase;
			buildActionMask = 2147483647;
			dstPath = "";
			dstSubfolderSpec = 10;
			files = (
				6B354973220CC6FB00586A41 /* WebRTC.framework in Embed Frameworks */,
				6B354978220CC70B00586A41 /* VideoPreviewer.framework in Embed Frameworks */,
			);
			name = "Embed Frameworks";
			runOnlyForDeploymentPostprocessing = 0;
		};
/* End PBXCopyFilesBuildPhase section */

/* Begin PBXFileReference section */
		0111402189AB5F0EFDC67ECC /* Pods-OctaveUITests.debug.xcconfig */ = {isa = PBXFileReference; includeInIndex = 1; lastKnownFileType = text.xcconfig; name = "Pods-OctaveUITests.debug.xcconfig"; path = "Pods/Target Support Files/Pods-OctaveUITests/Pods-OctaveUITests.debug.xcconfig"; sourceTree = "<group>"; };
		0E0F13AE2B6C2B33635BC81C /* Pods_OctaveTests.framework */ = {isa = PBXFileReference; explicitFileType = wrapper.framework; includeInIndex = 0; path = Pods_OctaveTests.framework; sourceTree = BUILT_PRODUCTS_DIR; };
		1670D0E3B041582A69F4EE3B /* Pods_OctaveUITests.framework */ = {isa = PBXFileReference; explicitFileType = wrapper.framework; includeInIndex = 0; path = Pods_OctaveUITests.framework; sourceTree = BUILT_PRODUCTS_DIR; };
		1DBF496DB41B26B91FFE6D5D /* Pods-OctaveTests.debug.xcconfig */ = {isa = PBXFileReference; includeInIndex = 1; lastKnownFileType = text.xcconfig; name = "Pods-OctaveTests.debug.xcconfig"; path = "Pods/Target Support Files/Pods-OctaveTests/Pods-OctaveTests.debug.xcconfig"; sourceTree = "<group>"; };
		2834A4DB051D4D4937BB1A7E /* Pods-OctaveTests.release.xcconfig */ = {isa = PBXFileReference; includeInIndex = 1; lastKnownFileType = text.xcconfig; name = "Pods-OctaveTests.release.xcconfig"; path = "Pods/Target Support Files/Pods-OctaveTests/Pods-OctaveTests.release.xcconfig"; sourceTree = "<group>"; };
		6B2852B8220DD3F000110F2D /* drone.png */ = {isa = PBXFileReference; lastKnownFileType = image.png; path = drone.png; sourceTree = "<group>"; };
		6B2852BD220ECFAB00110F2D /* ProductCommunicationManager.swift */ = {isa = PBXFileReference; lastKnownFileType = sourcecode.swift; path = ProductCommunicationManager.swift; sourceTree = "<group>"; };
		6B2852C2220EDFB000110F2D /* CGPoints+Extensions.swift */ = {isa = PBXFileReference; fileEncoding = 4; lastKnownFileType = sourcecode.swift; path = "CGPoints+Extensions.swift"; sourceTree = "<group>"; };
		6B2852C3220EDFB000110F2D /* DirectionSequence.swift */ = {isa = PBXFileReference; fileEncoding = 4; lastKnownFileType = sourcecode.swift; path = DirectionSequence.swift; sourceTree = "<group>"; };
		6B2852C4220EDFB000110F2D /* Movement.swift */ = {isa = PBXFileReference; fileEncoding = 4; lastKnownFileType = sourcecode.swift; path = Movement.swift; sourceTree = "<group>"; };
		6B2852C5220EDFB100110F2D /* MovingManager.swift */ = {isa = PBXFileReference; fileEncoding = 4; lastKnownFileType = sourcecode.swift; path = MovingManager.swift; sourceTree = "<group>"; };
		6B2852CB220EE1A700110F2D /* LandingManager.swift */ = {isa = PBXFileReference; lastKnownFileType = sourcecode.swift; path = LandingManager.swift; sourceTree = "<group>"; };
		6B2852D0220EE34500110F2D /* JSONFileManager.swift */ = {isa = PBXFileReference; lastKnownFileType = sourcecode.swift; path = JSONFileManager.swift; sourceTree = "<group>"; };
		6B2852D3220EE78100110F2D /* config.json */ = {isa = PBXFileReference; lastKnownFileType = text.json; path = config.json; sourceTree = "<group>"; };
		6B2852D6220EE88100110F2D /* ConfigManager.swift */ = {isa = PBXFileReference; lastKnownFileType = sourcecode.swift; path = ConfigManager.swift; sourceTree = "<group>"; };
		6B2852D9220F22B800110F2D /* OctaveViewController.swift */ = {isa = PBXFileReference; lastKnownFileType = sourcecode.swift; path = OctaveViewController.swift; sourceTree = "<group>"; };
		6B35496E220CC3E400586A41 /* DroneTestViewController.swift */ = {isa = PBXFileReference; lastKnownFileType = sourcecode.swift; path = DroneTestViewController.swift; sourceTree = "<group>"; };
		6B354970220CC63300586A41 /* MainViewController.swift */ = {isa = PBXFileReference; lastKnownFileType = sourcecode.swift; path = MainViewController.swift; sourceTree = "<group>"; };
		6B354981220CCCC400586A41 /* DroneGimbal.swift */ = {isa = PBXFileReference; lastKnownFileType = sourcecode.swift; path = DroneGimbal.swift; sourceTree = "<group>"; };
		6B354983220CCD2C00586A41 /* DroneConnection.swift */ = {isa = PBXFileReference; lastKnownFileType = sourcecode.swift; path = DroneConnection.swift; sourceTree = "<group>"; };
		6B77D3F4220C20B0009C44DB /* Octave.app */ = {isa = PBXFileReference; explicitFileType = wrapper.application; includeInIndex = 0; path = Octave.app; sourceTree = BUILT_PRODUCTS_DIR; };
		6B77D3F7220C20B0009C44DB /* AppDelegate.swift */ = {isa = PBXFileReference; lastKnownFileType = sourcecode.swift; path = AppDelegate.swift; sourceTree = "<group>"; };
		6B77D3FC220C20B0009C44DB /* Base */ = {isa = PBXFileReference; lastKnownFileType = file.storyboard; name = Base; path = Base.lproj/Main.storyboard; sourceTree = "<group>"; };
		6B77D3FE220C20B2009C44DB /* Assets.xcassets */ = {isa = PBXFileReference; lastKnownFileType = folder.assetcatalog; path = Assets.xcassets; sourceTree = "<group>"; };
		6B77D401220C20B2009C44DB /* Base */ = {isa = PBXFileReference; lastKnownFileType = file.storyboard; name = Base; path = Base.lproj/LaunchScreen.storyboard; sourceTree = "<group>"; };
		6B77D403220C20B2009C44DB /* Info.plist */ = {isa = PBXFileReference; lastKnownFileType = text.plist.xml; path = Info.plist; sourceTree = "<group>"; };
		6B77D408220C20B2009C44DB /* OctaveTests.xctest */ = {isa = PBXFileReference; explicitFileType = wrapper.cfbundle; includeInIndex = 0; path = OctaveTests.xctest; sourceTree = BUILT_PRODUCTS_DIR; };
		6B77D40C220C20B2009C44DB /* OctaveTests.swift */ = {isa = PBXFileReference; lastKnownFileType = sourcecode.swift; path = OctaveTests.swift; sourceTree = "<group>"; };
		6B77D40E220C20B2009C44DB /* Info.plist */ = {isa = PBXFileReference; lastKnownFileType = text.plist.xml; path = Info.plist; sourceTree = "<group>"; };
		6B77D413220C20B2009C44DB /* OctaveUITests.xctest */ = {isa = PBXFileReference; explicitFileType = wrapper.cfbundle; includeInIndex = 0; path = OctaveUITests.xctest; sourceTree = BUILT_PRODUCTS_DIR; };
		6B77D417220C20B2009C44DB /* OctaveUITests.swift */ = {isa = PBXFileReference; lastKnownFileType = sourcecode.swift; path = OctaveUITests.swift; sourceTree = "<group>"; };
		6B77D419220C20B2009C44DB /* Info.plist */ = {isa = PBXFileReference; lastKnownFileType = text.plist.xml; path = Info.plist; sourceTree = "<group>"; };
		6B77D426220C23EA009C44DB /* SocketManager.swift */ = {isa = PBXFileReference; lastKnownFileType = sourcecode.swift; path = SocketManager.swift; sourceTree = "<group>"; };
		6BA88954220CBF2300BCAC08 /* WebRTC.framework */ = {isa = PBXFileReference; lastKnownFileType = wrapper.framework; path = WebRTC.framework; sourceTree = "<group>"; };
		6BA88956220CBF2D00BCAC08 /* VideoPreviewer.framework */ = {isa = PBXFileReference; lastKnownFileType = wrapper.framework; path = VideoPreviewer.framework; sourceTree = "<group>"; };
		6BC6A065220C2592004C9458 /* SocketTestViewController.swift */ = {isa = PBXFileReference; lastKnownFileType = sourcecode.swift; path = SocketTestViewController.swift; sourceTree = "<group>"; };
		984DCFF477098D1BD5DAC7C4 /* Pods_Octave.framework */ = {isa = PBXFileReference; explicitFileType = wrapper.framework; includeInIndex = 0; path = Pods_Octave.framework; sourceTree = BUILT_PRODUCTS_DIR; };
		C25CD74F315B7B370E97C6FC /* Pods-Octave.release.xcconfig */ = {isa = PBXFileReference; includeInIndex = 1; lastKnownFileType = text.xcconfig; name = "Pods-Octave.release.xcconfig"; path = "Pods/Target Support Files/Pods-Octave/Pods-Octave.release.xcconfig"; sourceTree = "<group>"; };
		D60A34AC4350C99D24119C32 /* Pods-Octave.debug.xcconfig */ = {isa = PBXFileReference; includeInIndex = 1; lastKnownFileType = text.xcconfig; name = "Pods-Octave.debug.xcconfig"; path = "Pods/Target Support Files/Pods-Octave/Pods-Octave.debug.xcconfig"; sourceTree = "<group>"; };
		F58C9FED8B842E92AC31E5F3 /* Pods-OctaveUITests.release.xcconfig */ = {isa = PBXFileReference; includeInIndex = 1; lastKnownFileType = text.xcconfig; name = "Pods-OctaveUITests.release.xcconfig"; path = "Pods/Target Support Files/Pods-OctaveUITests/Pods-OctaveUITests.release.xcconfig"; sourceTree = "<group>"; };
/* End PBXFileReference section */

/* Begin PBXFrameworksBuildPhase section */
		6B77D3F1220C20B0009C44DB /* Frameworks */ = {
			isa = PBXFrameworksBuildPhase;
			buildActionMask = 2147483647;
			files = (
				6B35497F220CC78300586A41 /* Pods_Octave.framework in Frameworks */,
				6BA88955220CBF2300BCAC08 /* WebRTC.framework in Frameworks */,
				6BA88957220CBF2D00BCAC08 /* VideoPreviewer.framework in Frameworks */,
			);
			runOnlyForDeploymentPostprocessing = 0;
		};
		6B77D405220C20B2009C44DB /* Frameworks */ = {
			isa = PBXFrameworksBuildPhase;
			buildActionMask = 2147483647;
			files = (
				0CF30C8E67761BB92E125033 /* Pods_OctaveTests.framework in Frameworks */,
			);
			runOnlyForDeploymentPostprocessing = 0;
		};
		6B77D410220C20B2009C44DB /* Frameworks */ = {
			isa = PBXFrameworksBuildPhase;
			buildActionMask = 2147483647;
			files = (
				F518809EAB3BB678797D562A /* Pods_OctaveUITests.framework in Frameworks */,
			);
			runOnlyForDeploymentPostprocessing = 0;
		};
/* End PBXFrameworksBuildPhase section */

/* Begin PBXGroup section */
		3C479015B169415EC803E199 /* Pods */ = {
			isa = PBXGroup;
			children = (
				D60A34AC4350C99D24119C32 /* Pods-Octave.debug.xcconfig */,
				C25CD74F315B7B370E97C6FC /* Pods-Octave.release.xcconfig */,
				1DBF496DB41B26B91FFE6D5D /* Pods-OctaveTests.debug.xcconfig */,
				2834A4DB051D4D4937BB1A7E /* Pods-OctaveTests.release.xcconfig */,
				0111402189AB5F0EFDC67ECC /* Pods-OctaveUITests.debug.xcconfig */,
				F58C9FED8B842E92AC31E5F3 /* Pods-OctaveUITests.release.xcconfig */,
			);
			name = Pods;
			sourceTree = "<group>";
		};
		6B2852BA220DD3F400110F2D /* Assets */ = {
			isa = PBXGroup;
			children = (
				6B2852BB220DD40E00110F2D /* Image */,
			);
			path = Assets;
			sourceTree = "<group>";
		};
		6B2852BB220DD40E00110F2D /* Image */ = {
			isa = PBXGroup;
			children = (
				6B2852B8220DD3F000110F2D /* drone.png */,
			);
			path = Image;
			sourceTree = "<group>";
		};
		6B2852BC220ECF9E00110F2D /* Product */ = {
			isa = PBXGroup;
			children = (
				6B2852BD220ECFAB00110F2D /* ProductCommunicationManager.swift */,
			);
			path = Product;
			sourceTree = "<group>";
		};
		6B2852C1220EDFA800110F2D /* Moving */ = {
			isa = PBXGroup;
			children = (
				6B2852C2220EDFB000110F2D /* CGPoints+Extensions.swift */,
				6B2852C3220EDFB000110F2D /* DirectionSequence.swift */,
				6B2852C4220EDFB000110F2D /* Movement.swift */,
				6B2852C5220EDFB100110F2D /* MovingManager.swift */,
			);
			name = Moving;
			path = "New Group";
			sourceTree = "<group>";
		};
		6B2852CA220EE18A00110F2D /* Landing */ = {
			isa = PBXGroup;
			children = (
				6B2852CB220EE1A700110F2D /* LandingManager.swift */,
			);
			path = Landing;
			sourceTree = "<group>";
		};
		6B2852CF220EE33500110F2D /* Config */ = {
			isa = PBXGroup;
			children = (
				6B2852D6220EE88100110F2D /* ConfigManager.swift */,
			);
			path = Config;
			sourceTree = "<group>";
		};
		6B2852D5220EE87100110F2D /* Data */ = {
			isa = PBXGroup;
			children = (
				6B2852D0220EE34500110F2D /* JSONFileManager.swift */,
			);
			path = Data;
			sourceTree = "<group>";
		};
		6B2852D8220F21DF00110F2D /* Gimbal */ = {
			isa = PBXGroup;
			children = (
				6B354981220CCCC400586A41 /* DroneGimbal.swift */,
			);
			path = Gimbal;
			sourceTree = "<group>";
		};
		6B35496B220CC30E00586A41 /* Test */ = {
			isa = PBXGroup;
			children = (
				6BC6A065220C2592004C9458 /* SocketTestViewController.swift */,
				6B35496E220CC3E400586A41 /* DroneTestViewController.swift */,
			);
			path = Test;
			sourceTree = "<group>";
		};
		6B35496C220CC31600586A41 /* Exercice */ = {
			isa = PBXGroup;
			children = (
			);
			path = Exercice;
			sourceTree = "<group>";
		};
		6B35496D220CC31F00586A41 /* Octave */ = {
			isa = PBXGroup;
			children = (
				6B2852D9220F22B800110F2D /* OctaveViewController.swift */,
			);
			path = Octave;
			sourceTree = "<group>";
		};
		6B77D3EB220C20B0009C44DB = {
			isa = PBXGroup;
			children = (
				6B77D3F6220C20B0009C44DB /* Octave */,
				6B77D40B220C20B2009C44DB /* OctaveTests */,
				6B77D416220C20B2009C44DB /* OctaveUITests */,
				6B77D3F5220C20B0009C44DB /* Products */,
				3C479015B169415EC803E199 /* Pods */,
				9BC9AE27908E1FF36EF4569E /* Frameworks */,
			);
			sourceTree = "<group>";
		};
		6B77D3F5220C20B0009C44DB /* Products */ = {
			isa = PBXGroup;
			children = (
				6B77D3F4220C20B0009C44DB /* Octave.app */,
				6B77D408220C20B2009C44DB /* OctaveTests.xctest */,
				6B77D413220C20B2009C44DB /* OctaveUITests.xctest */,
			);
			name = Products;
			sourceTree = "<group>";
		};
		6B77D3F6220C20B0009C44DB /* Octave */ = {
			isa = PBXGroup;
			children = (
				6BC6A064220C2533004C9458 /* ViewController */,
				6B77D425220C23D6009C44DB /* Manager */,
				6B77D3F7220C20B0009C44DB /* AppDelegate.swift */,
				6B2852BA220DD3F400110F2D /* Assets */,
				6B77D3FB220C20B0009C44DB /* Main.storyboard */,
				6B77D3FE220C20B2009C44DB /* Assets.xcassets */,
				6B77D400220C20B2009C44DB /* LaunchScreen.storyboard */,
				6B77D403220C20B2009C44DB /* Info.plist */,
				6B2852D3220EE78100110F2D /* config.json */,
			);
			path = Octave;
			sourceTree = "<group>";
		};
		6B77D40B220C20B2009C44DB /* OctaveTests */ = {
			isa = PBXGroup;
			children = (
				6B77D40C220C20B2009C44DB /* OctaveTests.swift */,
				6B77D40E220C20B2009C44DB /* Info.plist */,
			);
			path = OctaveTests;
			sourceTree = "<group>";
		};
		6B77D416220C20B2009C44DB /* OctaveUITests */ = {
			isa = PBXGroup;
			children = (
				6B77D417220C20B2009C44DB /* OctaveUITests.swift */,
				6B77D419220C20B2009C44DB /* Info.plist */,
			);
			path = OctaveUITests;
			sourceTree = "<group>";
		};
		6B77D425220C23D6009C44DB /* Manager */ = {
			isa = PBXGroup;
			children = (
				6B2852D5220EE87100110F2D /* Data */,
				6B2852CF220EE33500110F2D /* Config */,
				6B2852BC220ECF9E00110F2D /* Product */,
				6BA88959220CBFDF00BCAC08 /* Drone */,
				6BA88958220CBFCE00BCAC08 /* Network */,
			);
			path = Manager;
			sourceTree = "<group>";
		};
		6BA88958220CBFCE00BCAC08 /* Network */ = {
			isa = PBXGroup;
			children = (
				6B77D426220C23EA009C44DB /* SocketManager.swift */,
			);
			path = Network;
			sourceTree = "<group>";
		};
		6BA88959220CBFDF00BCAC08 /* Drone */ = {
			isa = PBXGroup;
			children = (
				6B2852D8220F21DF00110F2D /* Gimbal */,
				6B2852CA220EE18A00110F2D /* Landing */,
				6B2852C1220EDFA800110F2D /* Moving */,
				6B354983220CCD2C00586A41 /* DroneConnection.swift */,
			);
			path = Drone;
			sourceTree = "<group>";
		};
		6BC6A064220C2533004C9458 /* ViewController */ = {
			isa = PBXGroup;
			children = (
				6B35496D220CC31F00586A41 /* Octave */,
				6B35496C220CC31600586A41 /* Exercice */,
				6B35496B220CC30E00586A41 /* Test */,
				6B354970220CC63300586A41 /* MainViewController.swift */,
			);
			path = ViewController;
			sourceTree = "<group>";
		};
		9BC9AE27908E1FF36EF4569E /* Frameworks */ = {
			isa = PBXGroup;
			children = (
				6BA88954220CBF2300BCAC08 /* WebRTC.framework */,
				6BA88956220CBF2D00BCAC08 /* VideoPreviewer.framework */,
				984DCFF477098D1BD5DAC7C4 /* Pods_Octave.framework */,
				0E0F13AE2B6C2B33635BC81C /* Pods_OctaveTests.framework */,
				1670D0E3B041582A69F4EE3B /* Pods_OctaveUITests.framework */,
			);
			name = Frameworks;
			sourceTree = "<group>";
		};
/* End PBXGroup section */

/* Begin PBXNativeTarget section */
		6B77D3F3220C20B0009C44DB /* Octave */ = {
			isa = PBXNativeTarget;
			buildConfigurationList = 6B77D41C220C20B2009C44DB /* Build configuration list for PBXNativeTarget "Octave" */;
			buildPhases = (
				E7985BAFC03CCE478147CD64 /* [CP] Check Pods Manifest.lock */,
				6B77D3F0220C20B0009C44DB /* Sources */,
				6B77D3F1220C20B0009C44DB /* Frameworks */,
				6B77D3F2220C20B0009C44DB /* Resources */,
				61ED0BA3C5A53174DBE64234 /* [CP] Embed Pods Frameworks */,
				6B354974220CC6FB00586A41 /* Embed Frameworks */,
			);
			buildRules = (
			);
			dependencies = (
			);
			name = Octave;
			productName = Octave;
			productReference = 6B77D3F4220C20B0009C44DB /* Octave.app */;
			productType = "com.apple.product-type.application";
		};
		6B77D407220C20B2009C44DB /* OctaveTests */ = {
			isa = PBXNativeTarget;
			buildConfigurationList = 6B77D41F220C20B2009C44DB /* Build configuration list for PBXNativeTarget "OctaveTests" */;
			buildPhases = (
				484CDA16873FADFB9C8D696C /* [CP] Check Pods Manifest.lock */,
				6B77D404220C20B2009C44DB /* Sources */,
				6B77D405220C20B2009C44DB /* Frameworks */,
				6B77D406220C20B2009C44DB /* Resources */,
			);
			buildRules = (
			);
			dependencies = (
				6B77D40A220C20B2009C44DB /* PBXTargetDependency */,
			);
			name = OctaveTests;
			productName = OctaveTests;
			productReference = 6B77D408220C20B2009C44DB /* OctaveTests.xctest */;
			productType = "com.apple.product-type.bundle.unit-test";
		};
		6B77D412220C20B2009C44DB /* OctaveUITests */ = {
			isa = PBXNativeTarget;
			buildConfigurationList = 6B77D422220C20B2009C44DB /* Build configuration list for PBXNativeTarget "OctaveUITests" */;
			buildPhases = (
				026DB2B890CCC869C18049D1 /* [CP] Check Pods Manifest.lock */,
				6B77D40F220C20B2009C44DB /* Sources */,
				6B77D410220C20B2009C44DB /* Frameworks */,
				6B77D411220C20B2009C44DB /* Resources */,
			);
			buildRules = (
			);
			dependencies = (
				6B77D415220C20B2009C44DB /* PBXTargetDependency */,
			);
			name = OctaveUITests;
			productName = OctaveUITests;
			productReference = 6B77D413220C20B2009C44DB /* OctaveUITests.xctest */;
			productType = "com.apple.product-type.bundle.ui-testing";
		};
/* End PBXNativeTarget section */

/* Begin PBXProject section */
		6B77D3EC220C20B0009C44DB /* Project object */ = {
			isa = PBXProject;
			attributes = {
				LastSwiftUpdateCheck = 1010;
				LastUpgradeCheck = 1010;
				ORGANIZATIONNAME = Suriteka;
				TargetAttributes = {
					6B77D3F3220C20B0009C44DB = {
						CreatedOnToolsVersion = 10.1;
					};
					6B77D407220C20B2009C44DB = {
						CreatedOnToolsVersion = 10.1;
						TestTargetID = 6B77D3F3220C20B0009C44DB;
					};
					6B77D412220C20B2009C44DB = {
						CreatedOnToolsVersion = 10.1;
						TestTargetID = 6B77D3F3220C20B0009C44DB;
					};
				};
			};
			buildConfigurationList = 6B77D3EF220C20B0009C44DB /* Build configuration list for PBXProject "Octave" */;
			compatibilityVersion = "Xcode 9.3";
			developmentRegion = en;
			hasScannedForEncodings = 0;
			knownRegions = (
				en,
				Base,
			);
			mainGroup = 6B77D3EB220C20B0009C44DB;
			productRefGroup = 6B77D3F5220C20B0009C44DB /* Products */;
			projectDirPath = "";
			projectRoot = "";
			targets = (
				6B77D3F3220C20B0009C44DB /* Octave */,
				6B77D407220C20B2009C44DB /* OctaveTests */,
				6B77D412220C20B2009C44DB /* OctaveUITests */,
			);
		};
/* End PBXProject section */

/* Begin PBXResourcesBuildPhase section */
		6B77D3F2220C20B0009C44DB /* Resources */ = {
			isa = PBXResourcesBuildPhase;
			buildActionMask = 2147483647;
			files = (
				6B77D402220C20B2009C44DB /* LaunchScreen.storyboard in Resources */,
				6B77D3FF220C20B2009C44DB /* Assets.xcassets in Resources */,
				6B2852D4220EE78100110F2D /* config.json in Resources */,
				6B77D3FD220C20B0009C44DB /* Main.storyboard in Resources */,
				6B2852B9220DD3F100110F2D /* drone.png in Resources */,
			);
			runOnlyForDeploymentPostprocessing = 0;
		};
		6B77D406220C20B2009C44DB /* Resources */ = {
			isa = PBXResourcesBuildPhase;
			buildActionMask = 2147483647;
			files = (
			);
			runOnlyForDeploymentPostprocessing = 0;
		};
		6B77D411220C20B2009C44DB /* Resources */ = {
			isa = PBXResourcesBuildPhase;
			buildActionMask = 2147483647;
			files = (
			);
			runOnlyForDeploymentPostprocessing = 0;
		};
/* End PBXResourcesBuildPhase section */

/* Begin PBXShellScriptBuildPhase section */
		026DB2B890CCC869C18049D1 /* [CP] Check Pods Manifest.lock */ = {
			isa = PBXShellScriptBuildPhase;
			buildActionMask = 2147483647;
			files = (
			);
			inputFileListPaths = (
			);
			inputPaths = (
				"${PODS_PODFILE_DIR_PATH}/Podfile.lock",
				"${PODS_ROOT}/Manifest.lock",
			);
			name = "[CP] Check Pods Manifest.lock";
			outputFileListPaths = (
			);
			outputPaths = (
				"$(DERIVED_FILE_DIR)/Pods-OctaveUITests-checkManifestLockResult.txt",
			);
			runOnlyForDeploymentPostprocessing = 0;
			shellPath = /bin/sh;
			shellScript = "diff \"${PODS_PODFILE_DIR_PATH}/Podfile.lock\" \"${PODS_ROOT}/Manifest.lock\" > /dev/null\nif [ $? != 0 ] ; then\n    # print error to STDERR\n    echo \"error: The sandbox is not in sync with the Podfile.lock. Run 'pod install' or update your CocoaPods installation.\" >&2\n    exit 1\nfi\n# This output is used by Xcode 'outputs' to avoid re-running this script phase.\necho \"SUCCESS\" > \"${SCRIPT_OUTPUT_FILE_0}\"\n";
			showEnvVarsInLog = 0;
		};
		484CDA16873FADFB9C8D696C /* [CP] Check Pods Manifest.lock */ = {
			isa = PBXShellScriptBuildPhase;
			buildActionMask = 2147483647;
			files = (
			);
			inputFileListPaths = (
			);
			inputPaths = (
				"${PODS_PODFILE_DIR_PATH}/Podfile.lock",
				"${PODS_ROOT}/Manifest.lock",
			);
			name = "[CP] Check Pods Manifest.lock";
			outputFileListPaths = (
			);
			outputPaths = (
				"$(DERIVED_FILE_DIR)/Pods-OctaveTests-checkManifestLockResult.txt",
			);
			runOnlyForDeploymentPostprocessing = 0;
			shellPath = /bin/sh;
			shellScript = "diff \"${PODS_PODFILE_DIR_PATH}/Podfile.lock\" \"${PODS_ROOT}/Manifest.lock\" > /dev/null\nif [ $? != 0 ] ; then\n    # print error to STDERR\n    echo \"error: The sandbox is not in sync with the Podfile.lock. Run 'pod install' or update your CocoaPods installation.\" >&2\n    exit 1\nfi\n# This output is used by Xcode 'outputs' to avoid re-running this script phase.\necho \"SUCCESS\" > \"${SCRIPT_OUTPUT_FILE_0}\"\n";
			showEnvVarsInLog = 0;
		};
		61ED0BA3C5A53174DBE64234 /* [CP] Embed Pods Frameworks */ = {
			isa = PBXShellScriptBuildPhase;
			buildActionMask = 2147483647;
			files = (
			);
			inputFileListPaths = (
			);
			inputPaths = (
				"${SRCROOT}/Pods/Target Support Files/Pods-Octave/Pods-Octave-frameworks.sh",
				"${PODS_ROOT}/DJI-SDK-iOS/iOS_Mobile_SDK/DJISDK.framework",
				"${BUILT_PRODUCTS_DIR}/Starscream/Starscream.framework",
				"${BUILT_PRODUCTS_DIR}/SwiftyJSON/SwiftyJSON.framework",
			);
			name = "[CP] Embed Pods Frameworks";
			outputFileListPaths = (
			);
			outputPaths = (
				"${TARGET_BUILD_DIR}/${FRAMEWORKS_FOLDER_PATH}/DJISDK.framework",
				"${TARGET_BUILD_DIR}/${FRAMEWORKS_FOLDER_PATH}/Starscream.framework",
				"${TARGET_BUILD_DIR}/${FRAMEWORKS_FOLDER_PATH}/SwiftyJSON.framework",
			);
			runOnlyForDeploymentPostprocessing = 0;
			shellPath = /bin/sh;
			shellScript = "\"${SRCROOT}/Pods/Target Support Files/Pods-Octave/Pods-Octave-frameworks.sh\"\n";
			showEnvVarsInLog = 0;
		};
		E7985BAFC03CCE478147CD64 /* [CP] Check Pods Manifest.lock */ = {
			isa = PBXShellScriptBuildPhase;
			buildActionMask = 2147483647;
			files = (
			);
			inputFileListPaths = (
			);
			inputPaths = (
				"${PODS_PODFILE_DIR_PATH}/Podfile.lock",
				"${PODS_ROOT}/Manifest.lock",
			);
			name = "[CP] Check Pods Manifest.lock";
			outputFileListPaths = (
			);
			outputPaths = (
				"$(DERIVED_FILE_DIR)/Pods-Octave-checkManifestLockResult.txt",
			);
			runOnlyForDeploymentPostprocessing = 0;
			shellPath = /bin/sh;
			shellScript = "diff \"${PODS_PODFILE_DIR_PATH}/Podfile.lock\" \"${PODS_ROOT}/Manifest.lock\" > /dev/null\nif [ $? != 0 ] ; then\n    # print error to STDERR\n    echo \"error: The sandbox is not in sync with the Podfile.lock. Run 'pod install' or update your CocoaPods installation.\" >&2\n    exit 1\nfi\n# This output is used by Xcode 'outputs' to avoid re-running this script phase.\necho \"SUCCESS\" > \"${SCRIPT_OUTPUT_FILE_0}\"\n";
			showEnvVarsInLog = 0;
		};
/* End PBXShellScriptBuildPhase section */

/* Begin PBXSourcesBuildPhase section */
		6B77D3F0220C20B0009C44DB /* Sources */ = {
			isa = PBXSourcesBuildPhase;
			buildActionMask = 2147483647;
			files = (
				6B2852C8220EDFB100110F2D /* Movement.swift in Sources */,
				6B2852C6220EDFB100110F2D /* CGPoints+Extensions.swift in Sources */,
				6BC6A066220C2592004C9458 /* SocketTestViewController.swift in Sources */,
				6B2852CC220EE1A700110F2D /* LandingManager.swift in Sources */,
				6B354982220CCCC400586A41 /* DroneGimbal.swift in Sources */,
				6B77D427220C23EA009C44DB /* SocketManager.swift in Sources */,
				6B2852DA220F22B800110F2D /* OctaveViewController.swift in Sources */,
				6B2852C9220EDFB100110F2D /* MovingManager.swift in Sources */,
				6B77D3F8220C20B0009C44DB /* AppDelegate.swift in Sources */,
				6B2852D7220EE88100110F2D /* ConfigManager.swift in Sources */,
				6B354984220CCD2C00586A41 /* DroneConnection.swift in Sources */,
				6B2852C7220EDFB100110F2D /* DirectionSequence.swift in Sources */,
				6B2852BE220ECFAB00110F2D /* ProductCommunicationManager.swift in Sources */,
				6B35496F220CC3E400586A41 /* DroneTestViewController.swift in Sources */,
				6B2852D1220EE34500110F2D /* JSONFileManager.swift in Sources */,
				6B354971220CC63300586A41 /* MainViewController.swift in Sources */,
			);
			runOnlyForDeploymentPostprocessing = 0;
		};
		6B77D404220C20B2009C44DB /* Sources */ = {
			isa = PBXSourcesBuildPhase;
			buildActionMask = 2147483647;
			files = (
				6B77D40D220C20B2009C44DB /* OctaveTests.swift in Sources */,
			);
			runOnlyForDeploymentPostprocessing = 0;
		};
		6B77D40F220C20B2009C44DB /* Sources */ = {
			isa = PBXSourcesBuildPhase;
			buildActionMask = 2147483647;
			files = (
				6B77D418220C20B2009C44DB /* OctaveUITests.swift in Sources */,
			);
			runOnlyForDeploymentPostprocessing = 0;
		};
/* End PBXSourcesBuildPhase section */

/* Begin PBXTargetDependency section */
		6B77D40A220C20B2009C44DB /* PBXTargetDependency */ = {
			isa = PBXTargetDependency;
			target = 6B77D3F3220C20B0009C44DB /* Octave */;
			targetProxy = 6B77D409220C20B2009C44DB /* PBXContainerItemProxy */;
		};
		6B77D415220C20B2009C44DB /* PBXTargetDependency */ = {
			isa = PBXTargetDependency;
			target = 6B77D3F3220C20B0009C44DB /* Octave */;
			targetProxy = 6B77D414220C20B2009C44DB /* PBXContainerItemProxy */;
		};
/* End PBXTargetDependency section */

/* Begin PBXVariantGroup section */
		6B77D3FB220C20B0009C44DB /* Main.storyboard */ = {
			isa = PBXVariantGroup;
			children = (
				6B77D3FC220C20B0009C44DB /* Base */,
			);
			name = Main.storyboard;
			sourceTree = "<group>";
		};
		6B77D400220C20B2009C44DB /* LaunchScreen.storyboard */ = {
			isa = PBXVariantGroup;
			children = (
				6B77D401220C20B2009C44DB /* Base */,
			);
			name = LaunchScreen.storyboard;
			sourceTree = "<group>";
		};
/* End PBXVariantGroup section */

/* Begin XCBuildConfiguration section */
		6B77D41A220C20B2009C44DB /* Debug */ = {
			isa = XCBuildConfiguration;
			buildSettings = {
				ALWAYS_SEARCH_USER_PATHS = NO;
				CLANG_ANALYZER_NONNULL = YES;
				CLANG_ANALYZER_NUMBER_OBJECT_CONVERSION = YES_AGGRESSIVE;
				CLANG_CXX_LANGUAGE_STANDARD = "gnu++14";
				CLANG_CXX_LIBRARY = "libc++";
				CLANG_ENABLE_MODULES = YES;
				CLANG_ENABLE_OBJC_ARC = YES;
				CLANG_ENABLE_OBJC_WEAK = YES;
				CLANG_WARN_BLOCK_CAPTURE_AUTORELEASING = YES;
				CLANG_WARN_BOOL_CONVERSION = YES;
				CLANG_WARN_COMMA = YES;
				CLANG_WARN_CONSTANT_CONVERSION = YES;
				CLANG_WARN_DEPRECATED_OBJC_IMPLEMENTATIONS = YES;
				CLANG_WARN_DIRECT_OBJC_ISA_USAGE = YES_ERROR;
				CLANG_WARN_DOCUMENTATION_COMMENTS = YES;
				CLANG_WARN_EMPTY_BODY = YES;
				CLANG_WARN_ENUM_CONVERSION = YES;
				CLANG_WARN_INFINITE_RECURSION = YES;
				CLANG_WARN_INT_CONVERSION = YES;
				CLANG_WARN_NON_LITERAL_NULL_CONVERSION = YES;
				CLANG_WARN_OBJC_IMPLICIT_RETAIN_SELF = YES;
				CLANG_WARN_OBJC_LITERAL_CONVERSION = YES;
				CLANG_WARN_OBJC_ROOT_CLASS = YES_ERROR;
				CLANG_WARN_RANGE_LOOP_ANALYSIS = YES;
				CLANG_WARN_STRICT_PROTOTYPES = YES;
				CLANG_WARN_SUSPICIOUS_MOVE = YES;
				CLANG_WARN_UNGUARDED_AVAILABILITY = YES_AGGRESSIVE;
				CLANG_WARN_UNREACHABLE_CODE = YES;
				CLANG_WARN__DUPLICATE_METHOD_MATCH = YES;
				CODE_SIGN_IDENTITY = "iPhone Developer";
				COPY_PHASE_STRIP = NO;
				DEBUG_INFORMATION_FORMAT = dwarf;
				ENABLE_STRICT_OBJC_MSGSEND = YES;
				ENABLE_TESTABILITY = YES;
				GCC_C_LANGUAGE_STANDARD = gnu11;
				GCC_DYNAMIC_NO_PIC = NO;
				GCC_NO_COMMON_BLOCKS = YES;
				GCC_OPTIMIZATION_LEVEL = 0;
				GCC_PREPROCESSOR_DEFINITIONS = (
					"DEBUG=1",
					"$(inherited)",
				);
				GCC_WARN_64_TO_32_BIT_CONVERSION = YES;
				GCC_WARN_ABOUT_RETURN_TYPE = YES_ERROR;
				GCC_WARN_UNDECLARED_SELECTOR = YES;
				GCC_WARN_UNINITIALIZED_AUTOS = YES_AGGRESSIVE;
				GCC_WARN_UNUSED_FUNCTION = YES;
				GCC_WARN_UNUSED_VARIABLE = YES;
				IPHONEOS_DEPLOYMENT_TARGET = 12.1;
				MTL_ENABLE_DEBUG_INFO = INCLUDE_SOURCE;
				MTL_FAST_MATH = YES;
				ONLY_ACTIVE_ARCH = YES;
				SDKROOT = iphoneos;
				SWIFT_ACTIVE_COMPILATION_CONDITIONS = DEBUG;
				SWIFT_OPTIMIZATION_LEVEL = "-Onone";
			};
			name = Debug;
		};
		6B77D41B220C20B2009C44DB /* Release */ = {
			isa = XCBuildConfiguration;
			buildSettings = {
				ALWAYS_SEARCH_USER_PATHS = NO;
				CLANG_ANALYZER_NONNULL = YES;
				CLANG_ANALYZER_NUMBER_OBJECT_CONVERSION = YES_AGGRESSIVE;
				CLANG_CXX_LANGUAGE_STANDARD = "gnu++14";
				CLANG_CXX_LIBRARY = "libc++";
				CLANG_ENABLE_MODULES = YES;
				CLANG_ENABLE_OBJC_ARC = YES;
				CLANG_ENABLE_OBJC_WEAK = YES;
				CLANG_WARN_BLOCK_CAPTURE_AUTORELEASING = YES;
				CLANG_WARN_BOOL_CONVERSION = YES;
				CLANG_WARN_COMMA = YES;
				CLANG_WARN_CONSTANT_CONVERSION = YES;
				CLANG_WARN_DEPRECATED_OBJC_IMPLEMENTATIONS = YES;
				CLANG_WARN_DIRECT_OBJC_ISA_USAGE = YES_ERROR;
				CLANG_WARN_DOCUMENTATION_COMMENTS = YES;
				CLANG_WARN_EMPTY_BODY = YES;
				CLANG_WARN_ENUM_CONVERSION = YES;
				CLANG_WARN_INFINITE_RECURSION = YES;
				CLANG_WARN_INT_CONVERSION = YES;
				CLANG_WARN_NON_LITERAL_NULL_CONVERSION = YES;
				CLANG_WARN_OBJC_IMPLICIT_RETAIN_SELF = YES;
				CLANG_WARN_OBJC_LITERAL_CONVERSION = YES;
				CLANG_WARN_OBJC_ROOT_CLASS = YES_ERROR;
				CLANG_WARN_RANGE_LOOP_ANALYSIS = YES;
				CLANG_WARN_STRICT_PROTOTYPES = YES;
				CLANG_WARN_SUSPICIOUS_MOVE = YES;
				CLANG_WARN_UNGUARDED_AVAILABILITY = YES_AGGRESSIVE;
				CLANG_WARN_UNREACHABLE_CODE = YES;
				CLANG_WARN__DUPLICATE_METHOD_MATCH = YES;
				CODE_SIGN_IDENTITY = "iPhone Developer";
				COPY_PHASE_STRIP = NO;
				DEBUG_INFORMATION_FORMAT = "dwarf-with-dsym";
				ENABLE_NS_ASSERTIONS = NO;
				ENABLE_STRICT_OBJC_MSGSEND = YES;
				GCC_C_LANGUAGE_STANDARD = gnu11;
				GCC_NO_COMMON_BLOCKS = YES;
				GCC_WARN_64_TO_32_BIT_CONVERSION = YES;
				GCC_WARN_ABOUT_RETURN_TYPE = YES_ERROR;
				GCC_WARN_UNDECLARED_SELECTOR = YES;
				GCC_WARN_UNINITIALIZED_AUTOS = YES_AGGRESSIVE;
				GCC_WARN_UNUSED_FUNCTION = YES;
				GCC_WARN_UNUSED_VARIABLE = YES;
				IPHONEOS_DEPLOYMENT_TARGET = 12.1;
				MTL_ENABLE_DEBUG_INFO = NO;
				MTL_FAST_MATH = YES;
				SDKROOT = iphoneos;
				SWIFT_COMPILATION_MODE = wholemodule;
				SWIFT_OPTIMIZATION_LEVEL = "-O";
				VALIDATE_PRODUCT = YES;
			};
			name = Release;
		};
		6B77D41D220C20B2009C44DB /* Debug */ = {
			isa = XCBuildConfiguration;
			baseConfigurationReference = D60A34AC4350C99D24119C32 /* Pods-Octave.debug.xcconfig */;
			buildSettings = {
				ASSETCATALOG_COMPILER_APPICON_NAME = AppIcon;
				CODE_SIGN_STYLE = Automatic;
				DEVELOPMENT_TEAM = 54PCF2T5ZE;
				ENABLE_BITCODE = NO;
				FRAMEWORK_SEARCH_PATHS = (
					"$(inherited)",
					"$(PROJECT_DIR)",
				);
				INFOPLIST_FILE = Octave/Info.plist;
				IPHONEOS_DEPLOYMENT_TARGET = 11.1;
				LD_RUNPATH_SEARCH_PATHS = (
					"$(inherited)",
					"@executable_path/Frameworks",
				);
				PRODUCT_BUNDLE_IDENTIFIER = Suriteka.Octave;
				PRODUCT_NAME = "$(TARGET_NAME)";
				SWIFT_VERSION = 4.2;
				TARGETED_DEVICE_FAMILY = "1,2";
			};
			name = Debug;
		};
		6B77D41E220C20B2009C44DB /* Release */ = {
			isa = XCBuildConfiguration;
			baseConfigurationReference = C25CD74F315B7B370E97C6FC /* Pods-Octave.release.xcconfig */;
			buildSettings = {
				ASSETCATALOG_COMPILER_APPICON_NAME = AppIcon;
				CODE_SIGN_STYLE = Automatic;
				DEVELOPMENT_TEAM = 54PCF2T5ZE;
				ENABLE_BITCODE = NO;
				FRAMEWORK_SEARCH_PATHS = (
					"$(inherited)",
					"$(PROJECT_DIR)",
				);
				INFOPLIST_FILE = Octave/Info.plist;
				IPHONEOS_DEPLOYMENT_TARGET = 11.1;
				LD_RUNPATH_SEARCH_PATHS = (
					"$(inherited)",
					"@executable_path/Frameworks",
				);
				PRODUCT_BUNDLE_IDENTIFIER = Suriteka.Octave;
				PRODUCT_NAME = "$(TARGET_NAME)";
				SWIFT_VERSION = 4.2;
				TARGETED_DEVICE_FAMILY = "1,2";
			};
			name = Release;
		};
		6B77D420220C20B2009C44DB /* Debug */ = {
			isa = XCBuildConfiguration;
			baseConfigurationReference = 1DBF496DB41B26B91FFE6D5D /* Pods-OctaveTests.debug.xcconfig */;
			buildSettings = {
				ALWAYS_EMBED_SWIFT_STANDARD_LIBRARIES = YES;
				BUNDLE_LOADER = "$(TEST_HOST)";
				CODE_SIGN_STYLE = Automatic;
				DEVELOPMENT_TEAM = 54PCF2T5ZE;
				INFOPLIST_FILE = OctaveTests/Info.plist;
				LD_RUNPATH_SEARCH_PATHS = (
					"$(inherited)",
					"@executable_path/Frameworks",
					"@loader_path/Frameworks",
				);
				PRODUCT_BUNDLE_IDENTIFIER = Suriteka.OctaveTests;
				PRODUCT_NAME = "$(TARGET_NAME)";
				SWIFT_VERSION = 4.2;
				TARGETED_DEVICE_FAMILY = "1,2";
				TEST_HOST = "$(BUILT_PRODUCTS_DIR)/Octave.app/Octave";
			};
			name = Debug;
		};
		6B77D421220C20B2009C44DB /* Release */ = {
			isa = XCBuildConfiguration;
			baseConfigurationReference = 2834A4DB051D4D4937BB1A7E /* Pods-OctaveTests.release.xcconfig */;
			buildSettings = {
				ALWAYS_EMBED_SWIFT_STANDARD_LIBRARIES = YES;
				BUNDLE_LOADER = "$(TEST_HOST)";
				CODE_SIGN_STYLE = Automatic;
				DEVELOPMENT_TEAM = 54PCF2T5ZE;
				INFOPLIST_FILE = OctaveTests/Info.plist;
				LD_RUNPATH_SEARCH_PATHS = (
					"$(inherited)",
					"@executable_path/Frameworks",
					"@loader_path/Frameworks",
				);
				PRODUCT_BUNDLE_IDENTIFIER = Suriteka.OctaveTests;
				PRODUCT_NAME = "$(TARGET_NAME)";
				SWIFT_VERSION = 4.2;
				TARGETED_DEVICE_FAMILY = "1,2";
				TEST_HOST = "$(BUILT_PRODUCTS_DIR)/Octave.app/Octave";
			};
			name = Release;
		};
		6B77D423220C20B2009C44DB /* Debug */ = {
			isa = XCBuildConfiguration;
			baseConfigurationReference = 0111402189AB5F0EFDC67ECC /* Pods-OctaveUITests.debug.xcconfig */;
			buildSettings = {
				ALWAYS_EMBED_SWIFT_STANDARD_LIBRARIES = YES;
				CODE_SIGN_STYLE = Automatic;
				DEVELOPMENT_TEAM = 54PCF2T5ZE;
				INFOPLIST_FILE = OctaveUITests/Info.plist;
				LD_RUNPATH_SEARCH_PATHS = (
					"$(inherited)",
					"@executable_path/Frameworks",
					"@loader_path/Frameworks",
				);
				PRODUCT_BUNDLE_IDENTIFIER = Suriteka.OctaveUITests;
				PRODUCT_NAME = "$(TARGET_NAME)";
				SWIFT_VERSION = 4.2;
				TARGETED_DEVICE_FAMILY = "1,2";
				TEST_TARGET_NAME = Octave;
			};
			name = Debug;
		};
		6B77D424220C20B2009C44DB /* Release */ = {
			isa = XCBuildConfiguration;
			baseConfigurationReference = F58C9FED8B842E92AC31E5F3 /* Pods-OctaveUITests.release.xcconfig */;
			buildSettings = {
				ALWAYS_EMBED_SWIFT_STANDARD_LIBRARIES = YES;
				CODE_SIGN_STYLE = Automatic;
				DEVELOPMENT_TEAM = 54PCF2T5ZE;
				INFOPLIST_FILE = OctaveUITests/Info.plist;
				LD_RUNPATH_SEARCH_PATHS = (
					"$(inherited)",
					"@executable_path/Frameworks",
					"@loader_path/Frameworks",
				);
				PRODUCT_BUNDLE_IDENTIFIER = Suriteka.OctaveUITests;
				PRODUCT_NAME = "$(TARGET_NAME)";
				SWIFT_VERSION = 4.2;
				TARGETED_DEVICE_FAMILY = "1,2";
				TEST_TARGET_NAME = Octave;
			};
			name = Release;
		};
/* End XCBuildConfiguration section */

/* Begin XCConfigurationList section */
		6B77D3EF220C20B0009C44DB /* Build configuration list for PBXProject "Octave" */ = {
			isa = XCConfigurationList;
			buildConfigurations = (
				6B77D41A220C20B2009C44DB /* Debug */,
				6B77D41B220C20B2009C44DB /* Release */,
			);
			defaultConfigurationIsVisible = 0;
			defaultConfigurationName = Release;
		};
		6B77D41C220C20B2009C44DB /* Build configuration list for PBXNativeTarget "Octave" */ = {
			isa = XCConfigurationList;
			buildConfigurations = (
				6B77D41D220C20B2009C44DB /* Debug */,
				6B77D41E220C20B2009C44DB /* Release */,
			);
			defaultConfigurationIsVisible = 0;
			defaultConfigurationName = Release;
		};
		6B77D41F220C20B2009C44DB /* Build configuration list for PBXNativeTarget "OctaveTests" */ = {
			isa = XCConfigurationList;
			buildConfigurations = (
				6B77D420220C20B2009C44DB /* Debug */,
				6B77D421220C20B2009C44DB /* Release */,
			);
			defaultConfigurationIsVisible = 0;
			defaultConfigurationName = Release;
		};
		6B77D422220C20B2009C44DB /* Build configuration list for PBXNativeTarget "OctaveUITests" */ = {
			isa = XCConfigurationList;
			buildConfigurations = (
				6B77D423220C20B2009C44DB /* Debug */,
				6B77D424220C20B2009C44DB /* Release */,
			);
			defaultConfigurationIsVisible = 0;
			defaultConfigurationName = Release;
		};
/* End XCConfigurationList section */
	};
	rootObject = 6B77D3EC220C20B0009C44DB /* Project object */;
}
